
Microsoft Visual Studio Solution File, Format Version 12.00
# Visual Studio Version 16
VisualStudioVersion = 16.0.810.20
MinimumVisualStudioVersion = 10.0.40219.1
Project("{FAE04EC0-301F-11D3-BF4B-00C04F79EFBC}") = "StinkyGamesDotNone", "StinkyGamesDotNone\StinkyGamesDotNone.csproj", "{662DA51D-069F-49E8-8C15-EBB336E3B461}"
EndProject
Global
	GlobalSection(SolutionConfigurationPlatforms) = preSolution
		Debug|Any CPU = Debug|Any CPU
		Release|Any CPU = Release|Any CPU
	EndGlobalSection
	GlobalSection(ProjectConfigurationPlatforms) = postSolution
		{662DA51D-069F-49E8-8C15-EBB336E3B461}.Debug|Any CPU.ActiveCfg = Debug|Any CPU
		{662DA51D-069F-49E8-8C15-EBB336E3B461}.Debug|Any CPU.Build.0 = Debug|Any CPU
		{662DA51D-069F-49E8-8C15-EBB336E3B461}.Release|Any CPU.ActiveCfg = Release|Any CPU
		{662DA51D-069F-49E8-8C15-EBB336E3B461}.Release|Any CPU.Build.0 = Release|Any CPU
	EndGlobalSection
	GlobalSection(SolutionProperties) = preSolution
		HideSolutionNode = FALSE
	EndGlobalSection
	GlobalSection(ExtensibilityGlobals) = postSolution
		SolutionGuid = {AD10874D-F6D2-4243-BE11-E9A06F5845E6}
	EndGlobalSection
EndGlobal
