
Microsoft Visual Studio Solution File, Format Version 12.00
# Visual Studio Version 16
VisualStudioVersion = 16.0.810.22
MinimumVisualStudioVersion = 10.0.40219.1
Project("{FAE04EC0-301F-11D3-BF4B-00C04F79EFBC}") = "EdgyGames", "EdgyGames.csproj", "{FF02FFAB-B53A-427F-8E31-61A71A1F6A9F}"
EndProject
Global
	GlobalSection(SolutionConfigurationPlatforms) = preSolution
		Debug|Any CPU = Debug|Any CPU
		Release|Any CPU = Release|Any CPU
	EndGlobalSection
	GlobalSection(ProjectConfigurationPlatforms) = postSolution
		{FF02FFAB-B53A-427F-8E31-61A71A1F6A9F}.Debug|Any CPU.ActiveCfg = Debug|Any CPU
		{FF02FFAB-B53A-427F-8E31-61A71A1F6A9F}.Debug|Any CPU.Build.0 = Debug|Any CPU
		{FF02FFAB-B53A-427F-8E31-61A71A1F6A9F}.Release|Any CPU.ActiveCfg = Release|Any CPU
		{FF02FFAB-B53A-427F-8E31-61A71A1F6A9F}.Release|Any CPU.Build.0 = Release|Any CPU
	EndGlobalSection
	GlobalSection(SolutionProperties) = preSolution
		HideSolutionNode = FALSE
	EndGlobalSection
	GlobalSection(ExtensibilityGlobals) = postSolution
		SolutionGuid = {6681FB8B-BDB8-4341-A38E-8FEFCCB4BCB1}
	EndGlobalSection
EndGlobal
